<?xml version="1.0" encoding="utf-8"?>
<Project ToolsVersion="4.0" xmlns="http://schemas.microsoft.com/developer/msbuild/2003">
  <ItemGroup>
    <Filter Include="소스 파일">
      <UniqueIdentifier>{4FC737F1-C7A5-4376-A066-2A32D752A2FF}</UniqueIdentifier>
      <Extensions>cpp;c;cc;cxx;def;odl;idl;hpj;bat;asm;asmx</Extensions>
    </Filter>
    <Filter Include="헤더 파일">
      <UniqueIdentifier>{93995380-89BD-4b04-88EB-625FBE52EBFB}</UniqueIdentifier>
      <Extensions>h;hh;hpp;hxx;hm;inl;inc;xsd</Extensions>
    </Filter>
    <Filter Include="리소스 파일">
      <UniqueIdentifier>{67DA6AB6-F800-4c08-8B7A-83BB121AAD01}</UniqueIdentifier>
      <Extensions>rc;ico;cur;bmp;dlg;rc2;rct;bin;rgs;gif;jpg;jpeg;jpe;resx;tiff;tif;png;wav;mfcribbon-ms</Extensions>
    </Filter>
    <Filter Include="소스 파일\Object">
      <UniqueIdentifier>{c498ddd9-327f-4c39-906f-b23369ede189}</UniqueIdentifier>
    </Filter>
    <Filter Include="헤더 파일\Object">
      <UniqueIdentifier>{ea630403-3531-4b6e-82b0-c97a0bc9e328}</UniqueIdentifier>
    </Filter>
    <Filter Include="헤더 파일\Define_and_ETC">
      <UniqueIdentifier>{edd6925c-8618-49e1-8bca-cc14dac288b5}</UniqueIdentifier>
    </Filter>
    <Filter Include="헤더 파일\Main">
      <UniqueIdentifier>{c3938320-9ab5-43a2-aecd-cf42f89e1764}</UniqueIdentifier>
    </Filter>
    <Filter Include="소스 파일\Main">
      <UniqueIdentifier>{b6a69d6d-88a8-460d-8e0c-43e0e615902b}</UniqueIdentifier>
    </Filter>
    <Filter Include="소스 파일\Process">
      <UniqueIdentifier>{cd57a265-2a63-49cc-8afd-68448b22e0d4}</UniqueIdentifier>
    </Filter>
    <Filter Include="헤더 파일\Process">
      <UniqueIdentifier>{45a9b6ff-f9f3-44c6-813c-c30b20b6d720}</UniqueIdentifier>
    </Filter>
    <Filter Include="헤더 파일\Lib">
      <UniqueIdentifier>{efa4f45d-659e-4471-99ce-f1c90f3c73a9}</UniqueIdentifier>
    </Filter>
    <Filter Include="소스 파일\Lib">
      <UniqueIdentifier>{e6124cfb-e3e1-4a5f-9628-b601be10deb3}</UniqueIdentifier>
    </Filter>
  </ItemGroup>
  <ItemGroup>
    <ClInclude Include="CSpriteDib.h">
      <Filter>헤더 파일</Filter>
    </ClInclude>
    <ClInclude Include="CScreenDib.h">
      <Filter>헤더 파일</Filter>
    </ClInclude>
    <ClInclude Include="CBaseObject.h">
      <Filter>헤더 파일\Object</Filter>
    </ClInclude>
    <ClInclude Include="CEffectObject.h">
      <Filter>헤더 파일\Object</Filter>
    </ClInclude>
    <ClInclude Include="DefineEnum.h">
      <Filter>헤더 파일\Define_and_ETC</Filter>
    </ClInclude>
    <ClInclude Include="resource.h">
      <Filter>헤더 파일\Define_and_ETC</Filter>
    </ClInclude>
    <ClInclude Include="targetver.h">
      <Filter>헤더 파일\Define_and_ETC</Filter>
    </ClInclude>
    <ClInclude Include="2dGame_SOPMOD.h">
      <Filter>헤더 파일\Main</Filter>
    </ClInclude>
    <ClInclude Include="stdafx.h">
      <Filter>헤더 파일</Filter>
    </ClInclude>
    <ClInclude Include="CPlayerObject.h">
      <Filter>헤더 파일\Object</Filter>
    </ClInclude>
    <ClInclude Include="UpdateProcess.h">
      <Filter>헤더 파일\Process</Filter>
    </ClInclude>
    <ClInclude Include="GameInit.h">
      <Filter>헤더 파일\Process</Filter>
    </ClInclude>
    <ClInclude Include="hoxy_CmdStart.h">
      <Filter>헤더 파일\Lib</Filter>
    </ClInclude>
    <ClInclude Include="hoxy_Header.h">
      <Filter>헤더 파일\Lib</Filter>
    </ClInclude>
    <ClInclude Include="hoxy_SockUtill.h">
      <Filter>헤더 파일\Lib</Filter>
    </ClInclude>
    <ClInclude Include="RingBuffer_AEK999.h">
      <Filter>헤더 파일\Lib</Filter>
    </ClInclude>
    <ClInclude Include="CFrameSkip.h">
      <Filter>헤더 파일\Lib</Filter>
    </ClInclude>
    <ClInclude Include="PacketDefine.h">
      <Filter>헤더 파일\Define_and_ETC</Filter>
    </ClInclude>
    <ClInclude Include="NetworkProcess.h">
      <Filter>헤더 파일\Process</Filter>
    </ClInclude>
  </ItemGroup>
  <ItemGroup>
    <ClCompile Include="stdafx.cpp">
      <Filter>소스 파일</Filter>
    </ClCompile>
    <ClCompile Include="CSpriteDib.cpp">
      <Filter>소스 파일</Filter>
    </ClCompile>
    <ClCompile Include="CScreenDib.cpp">
      <Filter>소스 파일</Filter>
    </ClCompile>
    <ClCompile Include="CBaseObject.cpp">
      <Filter>소스 파일\Object</Filter>
    </ClCompile>
    <ClCompile Include="CEffectObject.cpp">
      <Filter>소스 파일\Object</Filter>
    </ClCompile>
    <ClCompile Include="CPlayerObject.cpp">
      <Filter>소스 파일\Object</Filter>
    </ClCompile>
    <ClCompile Include="2dGame_SOPMOD.cpp">
      <Filter>소스 파일\Main</Filter>
    </ClCompile>
    <ClCompile Include="UpdateProcess.cpp">
      <Filter>소스 파일\Process</Filter>
    </ClCompile>
    <ClCompile Include="GameInit.cpp">
      <Filter>소스 파일\Process</Filter>
    </ClCompile>
    <ClCompile Include="hoxy_CmdStart.cpp">
      <Filter>소스 파일\Lib</Filter>
    </ClCompile>
    <ClCompile Include="hoxy_SockUtill.cpp">
      <Filter>소스 파일\Lib</Filter>
    </ClCompile>
    <ClCompile Include="RingBuffer_AEK999.cpp">
      <Filter>소스 파일\Lib</Filter>
    </ClCompile>
    <ClCompile Include="CFrameSkip.cpp">
      <Filter>소스 파일\Lib</Filter>
    </ClCompile>
    <ClCompile Include="NetworkProcess.cpp">
      <Filter>소스 파일\Process</Filter>
    </ClCompile>
  </ItemGroup>
  <ItemGroup>
    <ResourceCompile Include="2dGame_SOPMOD.rc">
      <Filter>리소스 파일</Filter>
    </ResourceCompile>
  </ItemGroup>
  <ItemGroup>
    <Image Include="small.ico">
      <Filter>리소스 파일</Filter>
    </Image>
    <Image Include="2dGame_SOPMOD.ico">
      <Filter>리소스 파일</Filter>
    </Image>
  </ItemGroup>
</Project>